github.com/Muhammadkhon0/wallet v1.3.0 h1:SG7213on1N6qCyPBKpKztIujZO+xH2tb2yEr35RDC0c=
github.com/Muhammadkhon0/wallet v1.3.0/go.mod h1:12+gvZ7Gws41M9MzNqA9NZ7GrNF7U/VXQKFFChDHmVk=
github.com/google/uuid v1.1.2 h1:EVhdT+1Kseyi1/pUmXKaFxYsDNy9RQYkMWRH68J/W7Y=
github.com/google/uuid v1.1.2/go.mod h1:TIyPZe4MgqvfeYDBFedMoGGpEw/LqOeaOT+nhxU+yHo=
